# This file is automatically generated by Poetry and should be committed to version control.

[[package]]
name = "fastapi"
version = "0.115.0"
description = "FastAPI framework, high performance, easy to learn, fast to code, ready for production"
optional = false
python-versions = ">=3.8"

[[package]]
name = "uvicorn"
version = "0.30.6"
description = "The lightning-fast ASGI server."
optional = false
python-versions = ">=3.8"

[metadata]
lock-version = "2.0"
python-versions = ">=3.12"
content-hash = "c1869e900c7a52e259e2b10a08e1a7b0a6e60b2401f786d38e24c29ea71b62ec"
